
Microsoft Visual Studio Solution File, Format Version 12.00
# Visual Studio Version 16
VisualStudioVersion = 16.0.29519.87
MinimumVisualStudioVersion = 10.0.40219.1
Project("{FAE04EC0-301F-11D3-BF4B-00C04F79EFBC}") = "DataLayerTemplate", "DataLayerTemplate\DataLayerTemplate.csproj", "{602E73EC-266D-4C72-A553-6345C28C8FC4}"
EndProject
Global
	GlobalSection(SolutionConfigurationPlatforms) = preSolution
		Debug|Any CPU = Debug|Any CPU
		Release|Any CPU = Release|Any CPU
	EndGlobalSection
	GlobalSection(ProjectConfigurationPlatforms) = postSolution
		{602E73EC-266D-4C72-A553-6345C28C8FC4}.Debug|Any CPU.ActiveCfg = Debug|Any CPU
		{602E73EC-266D-4C72-A553-6345C28C8FC4}.Debug|Any CPU.Build.0 = Debug|Any CPU
		{602E73EC-266D-4C72-A553-6345C28C8FC4}.Release|Any CPU.ActiveCfg = Release|Any CPU
		{602E73EC-266D-4C72-A553-6345C28C8FC4}.Release|Any CPU.Build.0 = Release|Any CPU
	EndGlobalSection
	GlobalSection(SolutionProperties) = preSolution
		HideSolutionNode = FALSE
	EndGlobalSection
	GlobalSection(ExtensibilityGlobals) = postSolution
		SolutionGuid = {753B4B04-A2A1-4865-87BB-08013DE64C05}
	EndGlobalSection
EndGlobal
